// !$*UTF8*$!
{
	archiveVersion = 1;
	classes = {
	};
	objectVersion = 46;
	objects = {

/* Begin PBXBuildFile section */
		AC0501EF223E481D00172C49 /* new-tab.html in Resources */ = {isa = PBXBuildFile; fileRef = AC0501EE223E481D00172C49 /* new-tab.html */; };
		AC0501F1223E48DD00172C49 /* files in Resources */ = {isa = PBXBuildFile; fileRef = AC0501F0223E48DD00172C49 /* files */; };
		AC2C9402223EBD04004727D6 /* site-error.html in Resources */ = {isa = PBXBuildFile; fileRef = AC2C9401223EBD04004727D6 /* site-error.html */; };
		AC2C9404223EC469004727D6 /* Settings.bundle in Resources */ = {isa = PBXBuildFile; fileRef = AC2C9403223EC469004727D6 /* Settings.bundle */; };
		AC2C9408223ECEC5004727D6 /* SettingsBundleHelper.swift in Sources */ = {isa = PBXBuildFile; fileRef = AC2C9407223ECEC5004727D6 /* SettingsBundleHelper.swift */; };
		AC3D43FD223AC7FB00FB8E23 /* AppDelegate.swift in Sources */ = {isa = PBXBuildFile; fileRef = AC3D43FC223AC7FB00FB8E23 /* AppDelegate.swift */; };
		AC3D43FF223AC7FB00FB8E23 /* ViewController.swift in Sources */ = {isa = PBXBuildFile; fileRef = AC3D43FE223AC7FB00FB8E23 /* ViewController.swift */; };
		AC3D4402223AC7FB00FB8E23 /* Main.storyboard in Resources */ = {isa = PBXBuildFile; fileRef = AC3D4400223AC7FB00FB8E23 /* Main.storyboard */; };
		AC3D4404223AC7FB00FB8E23 /* Assets.xcassets in Resources */ = {isa = PBXBuildFile; fileRef = AC3D4403223AC7FB00FB8E23 /* Assets.xcassets */; };
		AC3D4407223AC7FB00FB8E23 /* LaunchScreen.storyboard in Resources */ = {isa = PBXBuildFile; fileRef = AC3D4405223AC7FB00FB8E23 /* LaunchScreen.storyboard */; };
		AC3D4412223AC7FB00FB8E23 /* Spez_BrowserTests.swift in Sources */ = {isa = PBXBuildFile; fileRef = AC3D4411223AC7FB00FB8E23 /* Spez_BrowserTests.swift */; };
		AC3D441D223AC7FB00FB8E23 /* Spez_BrowserUITests.swift in Sources */ = {isa = PBXBuildFile; fileRef = AC3D441C223AC7FB00FB8E23 /* Spez_BrowserUITests.swift */; };
		AC3D442B223AE62C00FB8E23 /* Icon-App-83.5x83.5@2x.png in Resources */ = {isa = PBXBuildFile; fileRef = AC3D442A223AE62C00FB8E23 /* Icon-App-83.5x83.5@2x.png */; };
		ACE7642622916F9C00B66C65 /* MenuViewController.swift in Sources */ = {isa = PBXBuildFile; fileRef = ACE7642522916F9C00B66C65 /* MenuViewController.swift */; };
		ACF767C7229016E900DD6C37 /* plus.png in Resources */ = {isa = PBXBuildFile; fileRef = ACF767C6229016E900DD6C37 /* plus.png */; };
		ACF767CD2290180B00DD6C37 /* tab.png in Resources */ = {isa = PBXBuildFile; fileRef = ACF767CC2290180B00DD6C37 /* tab.png */; };
		ACF767CF2290184100DD6C37 /* dots-vertical.png in Resources */ = {isa = PBXBuildFile; fileRef = ACF767CE2290184100DD6C37 /* dots-vertical.png */; };
		ACF767D32290197F00DD6C37 /* arrow-right.png in Resources */ = {isa = PBXBuildFile; fileRef = ACF767D02290197F00DD6C37 /* arrow-right.png */; };
		ACF767D42290197F00DD6C37 /* refresh.png in Resources */ = {isa = PBXBuildFile; fileRef = ACF767D12290197F00DD6C37 /* refresh.png */; };
		ACF767D52290197F00DD6C37 /* arrow-left.png in Resources */ = {isa = PBXBuildFile; fileRef = ACF767D22290197F00DD6C37 /* arrow-left.png */; };
/* End PBXBuildFile section */

/* Begin PBXContainerItemProxy section */
		AC3D440E223AC7FB00FB8E23 /* PBXContainerItemProxy */ = {
			isa = PBXContainerItemProxy;
			containerPortal = AC3D43F1223AC7FA00FB8E23 /* Project object */;
			proxyType = 1;
			remoteGlobalIDString = AC3D43F8223AC7FB00FB8E23;
			remoteInfo = "Spez Browser";
		};
		AC3D4419223AC7FB00FB8E23 /* PBXContainerItemProxy */ = {
			isa = PBXContainerItemProxy;
			containerPortal = AC3D43F1223AC7FA00FB8E23 /* Project object */;
			proxyType = 1;
			remoteGlobalIDString = AC3D43F8223AC7FB00FB8E23;
			remoteInfo = "Spez Browser";
		};
/* End PBXContainerItemProxy section */

/* Begin PBXFileReference section */
		AC0501EE223E481D00172C49 /* new-tab.html */ = {isa = PBXFileReference; fileEncoding = 4; lastKnownFileType = text.html; path = "new-tab.html"; sourceTree = "<group>"; };
		AC0501F0223E48DD00172C49 /* files */ = {isa = PBXFileReference; lastKnownFileType = folder; path = files; sourceTree = "<group>"; };
		AC2C9401223EBD04004727D6 /* site-error.html */ = {isa = PBXFileReference; fileEncoding = 4; lastKnownFileType = text.html; path = "site-error.html"; sourceTree = "<group>"; };
		AC2C9403223EC469004727D6 /* Settings.bundle */ = {isa = PBXFileReference; lastKnownFileType = "wrapper.plug-in"; path = Settings.bundle; sourceTree = "<group>"; };
		AC2C9407223ECEC5004727D6 /* SettingsBundleHelper.swift */ = {isa = PBXFileReference; fileEncoding = 4; lastKnownFileType = sourcecode.swift; path = SettingsBundleHelper.swift; sourceTree = "<group>"; };
		AC3D43F9223AC7FB00FB8E23 /* Spez Browser.app */ = {isa = PBXFileReference; explicitFileType = wrapper.application; includeInIndex = 0; path = "Spez Browser.app"; sourceTree = BUILT_PRODUCTS_DIR; };
		AC3D43FC223AC7FB00FB8E23 /* AppDelegate.swift */ = {isa = PBXFileReference; lastKnownFileType = sourcecode.swift; path = AppDelegate.swift; sourceTree = "<group>"; };
		AC3D43FE223AC7FB00FB8E23 /* ViewController.swift */ = {isa = PBXFileReference; lastKnownFileType = sourcecode.swift; path = ViewController.swift; sourceTree = "<group>"; };
		AC3D4401223AC7FB00FB8E23 /* Base */ = {isa = PBXFileReference; lastKnownFileType = file.storyboard; name = Base; path = Base.lproj/Main.storyboard; sourceTree = "<group>"; };
		AC3D4403223AC7FB00FB8E23 /* Assets.xcassets */ = {isa = PBXFileReference; lastKnownFileType = folder.assetcatalog; path = Assets.xcassets; sourceTree = "<group>"; };
		AC3D4406223AC7FB00FB8E23 /* Base */ = {isa = PBXFileReference; lastKnownFileType = file.storyboard; name = Base; path = Base.lproj/LaunchScreen.storyboard; sourceTree = "<group>"; };
		AC3D4408223AC7FB00FB8E23 /* Info.plist */ = {isa = PBXFileReference; lastKnownFileType = text.plist.xml; path = Info.plist; sourceTree = "<group>"; };
		AC3D440D223AC7FB00FB8E23 /* Spez BrowserTests.xctest */ = {isa = PBXFileReference; explicitFileType = wrapper.cfbundle; includeInIndex = 0; path = "Spez BrowserTests.xctest"; sourceTree = BUILT_PRODUCTS_DIR; };
		AC3D4411223AC7FB00FB8E23 /* Spez_BrowserTests.swift */ = {isa = PBXFileReference; lastKnownFileType = sourcecode.swift; path = Spez_BrowserTests.swift; sourceTree = "<group>"; };
		AC3D4413223AC7FB00FB8E23 /* Info.plist */ = {isa = PBXFileReference; lastKnownFileType = text.plist.xml; path = Info.plist; sourceTree = "<group>"; };
		AC3D4418223AC7FB00FB8E23 /* Spez BrowserUITests.xctest */ = {isa = PBXFileReference; explicitFileType = wrapper.cfbundle; includeInIndex = 0; path = "Spez BrowserUITests.xctest"; sourceTree = BUILT_PRODUCTS_DIR; };
		AC3D441C223AC7FB00FB8E23 /* Spez_BrowserUITests.swift */ = {isa = PBXFileReference; lastKnownFileType = sourcecode.swift; path = Spez_BrowserUITests.swift; sourceTree = "<group>"; };
		AC3D441E223AC7FB00FB8E23 /* Info.plist */ = {isa = PBXFileReference; lastKnownFileType = text.plist.xml; path = Info.plist; sourceTree = "<group>"; };
		AC3D442A223AE62C00FB8E23 /* Icon-App-83.5x83.5@2x.png */ = {isa = PBXFileReference; lastKnownFileType = image.png; path = "Icon-App-83.5x83.5@2x.png"; sourceTree = "<group>"; };
		AC8568E822400D2400C33F42 /* tr */ = {isa = PBXFileReference; lastKnownFileType = text.plist.strings; name = tr; path = tr.lproj/Main.strings; sourceTree = "<group>"; };
		AC8568E922400D2400C33F42 /* tr */ = {isa = PBXFileReference; lastKnownFileType = text.plist.strings; name = tr; path = tr.lproj/LaunchScreen.strings; sourceTree = "<group>"; };
		AC8568EA22400D4300C33F42 /* de */ = {isa = PBXFileReference; lastKnownFileType = text.plist.strings; name = de; path = de.lproj/Main.strings; sourceTree = "<group>"; };
		AC8568EB22400D4300C33F42 /* de */ = {isa = PBXFileReference; lastKnownFileType = text.plist.strings; name = de; path = de.lproj/LaunchScreen.strings; sourceTree = "<group>"; };
		AC8568EC22400D5300C33F42 /* ru */ = {isa = PBXFileReference; lastKnownFileType = text.plist.strings; name = ru; path = ru.lproj/Main.strings; sourceTree = "<group>"; };
		AC8568ED22400D5300C33F42 /* ru */ = {isa = PBXFileReference; lastKnownFileType = text.plist.strings; name = ru; path = ru.lproj/LaunchScreen.strings; sourceTree = "<group>"; };
		ACE7642522916F9C00B66C65 /* MenuViewController.swift */ = {isa = PBXFileReference; fileEncoding = 4; lastKnownFileType = sourcecode.swift; path = MenuViewController.swift; sourceTree = "<group>"; };
		ACE830BD223D549300903C6F /* en */ = {isa = PBXFileReference; lastKnownFileType = text.plist.strings; name = en; path = en.lproj/Main.strings; sourceTree = "<group>"; };
		ACE830BE223D575900903C6F /* Spez Browser.entitlements */ = {isa = PBXFileReference; lastKnownFileType = text.plist.entitlements; path = "Spez Browser.entitlements"; sourceTree = "<group>"; };
		ACF767C6229016E900DD6C37 /* plus.png */ = {isa = PBXFileReference; lastKnownFileType = image.png; path = plus.png; sourceTree = "<group>"; };
		ACF767CC2290180B00DD6C37 /* tab.png */ = {isa = PBXFileReference; lastKnownFileType = image.png; path = tab.png; sourceTree = "<group>"; };
		ACF767CE2290184100DD6C37 /* dots-vertical.png */ = {isa = PBXFileReference; lastKnownFileType = image.png; path = "dots-vertical.png"; sourceTree = "<group>"; };
		ACF767D02290197F00DD6C37 /* arrow-right.png */ = {isa = PBXFileReference; lastKnownFileType = image.png; path = "arrow-right.png"; sourceTree = "<group>"; };
		ACF767D12290197F00DD6C37 /* refresh.png */ = {isa = PBXFileReference; lastKnownFileType = image.png; path = refresh.png; sourceTree = "<group>"; };
		ACF767D22290197F00DD6C37 /* arrow-left.png */ = {isa = PBXFileReference; lastKnownFileType = image.png; path = "arrow-left.png"; sourceTree = "<group>"; };
/* End PBXFileReference section */

/* Begin PBXFrameworksBuildPhase section */
		AC3D43F6223AC7FB00FB8E23 /* Frameworks */ = {
			isa = PBXFrameworksBuildPhase;
			buildActionMask = 2147483647;
			files = (
			);
			runOnlyForDeploymentPostprocessing = 0;
		};
		AC3D440A223AC7FB00FB8E23 /* Frameworks */ = {
			isa = PBXFrameworksBuildPhase;
			buildActionMask = 2147483647;
			files = (
			);
			runOnlyForDeploymentPostprocessing = 0;
		};
		AC3D4415223AC7FB00FB8E23 /* Frameworks */ = {
			isa = PBXFrameworksBuildPhase;
			buildActionMask = 2147483647;
			files = (
			);
			runOnlyForDeploymentPostprocessing = 0;
		};
/* End PBXFrameworksBuildPhase section */

/* Begin PBXGroup section */
		AC3D43F0223AC7FA00FB8E23 = {
			isa = PBXGroup;
			children = (
				AC3D43FB223AC7FB00FB8E23 /* Spez Browser */,
				AC3D4410223AC7FB00FB8E23 /* Spez BrowserTests */,
				AC3D441B223AC7FB00FB8E23 /* Spez BrowserUITests */,
				AC3D43FA223AC7FB00FB8E23 /* Products */,
			);
			sourceTree = "<group>";
		};
		AC3D43FA223AC7FB00FB8E23 /* Products */ = {
			isa = PBXGroup;
			children = (
				AC3D43F9223AC7FB00FB8E23 /* Spez Browser.app */,
				AC3D440D223AC7FB00FB8E23 /* Spez BrowserTests.xctest */,
				AC3D4418223AC7FB00FB8E23 /* Spez BrowserUITests.xctest */,
			);
			name = Products;
			sourceTree = "<group>";
		};
		AC3D43FB223AC7FB00FB8E23 /* Spez Browser */ = {
			isa = PBXGroup;
			children = (
				AC0501F0223E48DD00172C49 /* files */,
				AC0501EE223E481D00172C49 /* new-tab.html */,
				AC2C9401223EBD04004727D6 /* site-error.html */,
				ACE830BE223D575900903C6F /* Spez Browser.entitlements */,
				AC3D442A223AE62C00FB8E23 /* Icon-App-83.5x83.5@2x.png */,
				AC3D43FC223AC7FB00FB8E23 /* AppDelegate.swift */,
				AC3D43FE223AC7FB00FB8E23 /* ViewController.swift */,
				AC3D4400223AC7FB00FB8E23 /* Main.storyboard */,
				ACE7642522916F9C00B66C65 /* MenuViewController.swift */,
				AC2C9403223EC469004727D6 /* Settings.bundle */,
				AC3D4403223AC7FB00FB8E23 /* Assets.xcassets */,
				AC3D4405223AC7FB00FB8E23 /* LaunchScreen.storyboard */,
				AC3D4408223AC7FB00FB8E23 /* Info.plist */,
				ACF767D02290197F00DD6C37 /* arrow-right.png */,
				ACF767D12290197F00DD6C37 /* refresh.png */,
				ACF767D22290197F00DD6C37 /* arrow-left.png */,
				ACF767CC2290180B00DD6C37 /* tab.png */,
				ACF767CE2290184100DD6C37 /* dots-vertical.png */,
				ACF767C6229016E900DD6C37 /* plus.png */,
				AC2C9407223ECEC5004727D6 /* SettingsBundleHelper.swift */,
			);
			path = "Spez Browser";
			sourceTree = "<group>";
		};
		AC3D4410223AC7FB00FB8E23 /* Spez BrowserTests */ = {
			isa = PBXGroup;
			children = (
				AC3D4411223AC7FB00FB8E23 /* Spez_BrowserTests.swift */,
				AC3D4413223AC7FB00FB8E23 /* Info.plist */,
			);
			path = "Spez BrowserTests";
			sourceTree = "<group>";
		};
		AC3D441B223AC7FB00FB8E23 /* Spez BrowserUITests */ = {
			isa = PBXGroup;
			children = (
				AC3D441C223AC7FB00FB8E23 /* Spez_BrowserUITests.swift */,
				AC3D441E223AC7FB00FB8E23 /* Info.plist */,
			);
			path = "Spez BrowserUITests";
			sourceTree = "<group>";
		};
/* End PBXGroup section */

/* Begin PBXNativeTarget section */
		AC3D43F8223AC7FB00FB8E23 /* Spez Browser */ = {
			isa = PBXNativeTarget;
			buildConfigurationList = AC3D4421223AC7FB00FB8E23 /* Build configuration list for PBXNativeTarget "Spez Browser" */;
			buildPhases = (
				AC3D43F5223AC7FB00FB8E23 /* Sources */,
				AC3D43F6223AC7FB00FB8E23 /* Frameworks */,
				AC3D43F7223AC7FB00FB8E23 /* Resources */,
			);
			buildRules = (
			);
			dependencies = (
			);
			name = "Spez Browser";
			productName = "Spez Browser";
			productReference = AC3D43F9223AC7FB00FB8E23 /* Spez Browser.app */;
			productType = "com.apple.product-type.application";
		};
		AC3D440C223AC7FB00FB8E23 /* Spez BrowserTests */ = {
			isa = PBXNativeTarget;
			buildConfigurationList = AC3D4424223AC7FB00FB8E23 /* Build configuration list for PBXNativeTarget "Spez BrowserTests" */;
			buildPhases = (
				AC3D4409223AC7FB00FB8E23 /* Sources */,
				AC3D440A223AC7FB00FB8E23 /* Frameworks */,
				AC3D440B223AC7FB00FB8E23 /* Resources */,
			);
			buildRules = (
			);
			dependencies = (
				AC3D440F223AC7FB00FB8E23 /* PBXTargetDependency */,
			);
			name = "Spez BrowserTests";
			productName = "Spez BrowserTests";
			productReference = AC3D440D223AC7FB00FB8E23 /* Spez BrowserTests.xctest */;
			productType = "com.apple.product-type.bundle.unit-test";
		};
		AC3D4417223AC7FB00FB8E23 /* Spez BrowserUITests */ = {
			isa = PBXNativeTarget;
			buildConfigurationList = AC3D4427223AC7FB00FB8E23 /* Build configuration list for PBXNativeTarget "Spez BrowserUITests" */;
			buildPhases = (
				AC3D4414223AC7FB00FB8E23 /* Sources */,
				AC3D4415223AC7FB00FB8E23 /* Frameworks */,
				AC3D4416223AC7FB00FB8E23 /* Resources */,
			);
			buildRules = (
			);
			dependencies = (
				AC3D441A223AC7FB00FB8E23 /* PBXTargetDependency */,
			);
			name = "Spez BrowserUITests";
			productName = "Spez BrowserUITests";
			productReference = AC3D4418223AC7FB00FB8E23 /* Spez BrowserUITests.xctest */;
			productType = "com.apple.product-type.bundle.ui-testing";
		};
/* End PBXNativeTarget section */

/* Begin PBXProject section */
		AC3D43F1223AC7FA00FB8E23 /* Project object */ = {
			isa = PBXProject;
			attributes = {
				LastSwiftUpdateCheck = 0820;
				LastUpgradeCheck = 0820;
				ORGANIZATIONNAME = "Spez Inc.";
				TargetAttributes = {
					AC3D43F8223AC7FB00FB8E23 = {
						CreatedOnToolsVersion = 8.2.1;
						DevelopmentTeam = N6CT7H22F7;
						LastSwiftMigration = 0820;
						ProvisioningStyle = Automatic;
						SystemCapabilities = {
							com.apple.DataProtection = {
								enabled = 1;
							};
						};
					};
					AC3D440C223AC7FB00FB8E23 = {
						CreatedOnToolsVersion = 8.2.1;
						ProvisioningStyle = Automatic;
						TestTargetID = AC3D43F8223AC7FB00FB8E23;
					};
					AC3D4417223AC7FB00FB8E23 = {
						CreatedOnToolsVersion = 8.2.1;
						ProvisioningStyle = Automatic;
						TestTargetID = AC3D43F8223AC7FB00FB8E23;
					};
				};
			};
			buildConfigurationList = AC3D43F4223AC7FA00FB8E23 /* Build configuration list for PBXProject "Spez Browser" */;
			compatibilityVersion = "Xcode 3.2";
			developmentRegion = English;
			hasScannedForEncodings = 0;
			knownRegions = (
				en,
				Base,
			);
			mainGroup = AC3D43F0223AC7FA00FB8E23;
			productRefGroup = AC3D43FA223AC7FB00FB8E23 /* Products */;
			projectDirPath = "";
			projectRoot = "";
			targets = (
				AC3D43F8223AC7FB00FB8E23 /* Spez Browser */,
				AC3D440C223AC7FB00FB8E23 /* Spez BrowserTests */,
				AC3D4417223AC7FB00FB8E23 /* Spez BrowserUITests */,
			);
		};
/* End PBXProject section */

/* Begin PBXResourcesBuildPhase section */
		AC3D43F7223AC7FB00FB8E23 /* Resources */ = {
			isa = PBXResourcesBuildPhase;
			buildActionMask = 2147483647;
			files = (
				ACF767D32290197F00DD6C37 /* arrow-right.png in Resources */,
				AC2C9404223EC469004727D6 /* Settings.bundle in Resources */,
				AC2C9402223EBD04004727D6 /* site-error.html in Resources */,
				ACF767D42290197F00DD6C37 /* refresh.png in Resources */,
				AC0501F1223E48DD00172C49 /* files in Resources */,
				ACF767CD2290180B00DD6C37 /* tab.png in Resources */,
				AC3D4407223AC7FB00FB8E23 /* LaunchScreen.storyboard in Resources */,
				ACF767CF2290184100DD6C37 /* dots-vertical.png in Resources */,
				AC3D4404223AC7FB00FB8E23 /* Assets.xcassets in Resources */,
				AC3D442B223AE62C00FB8E23 /* Icon-App-83.5x83.5@2x.png in Resources */,
				ACF767C7229016E900DD6C37 /* plus.png in Resources */,
				AC0501EF223E481D00172C49 /* new-tab.html in Resources */,
				ACF767D52290197F00DD6C37 /* arrow-left.png in Resources */,
				AC3D4402223AC7FB00FB8E23 /* Main.storyboard in Resources */,
			);
			runOnlyForDeploymentPostprocessing = 0;
		};
		AC3D440B223AC7FB00FB8E23 /* Resources */ = {
			isa = PBXResourcesBuildPhase;
			buildActionMask = 2147483647;
			files = (
			);
			runOnlyForDeploymentPostprocessing = 0;
		};
		AC3D4416223AC7FB00FB8E23 /* Resources */ = {
			isa = PBXResourcesBuildPhase;
			buildActionMask = 2147483647;
			files = (
			);
			runOnlyForDeploymentPostprocessing = 0;
		};
/* End PBXResourcesBuildPhase section */

/* Begin PBXSourcesBuildPhase section */
		AC3D43F5223AC7FB00FB8E23 /* Sources */ = {
			isa = PBXSourcesBuildPhase;
			buildActionMask = 2147483647;
			files = (
				AC3D43FF223AC7FB00FB8E23 /* ViewController.swift in Sources */,
				AC2C9408223ECEC5004727D6 /* SettingsBundleHelper.swift in Sources */,
				AC3D43FD223AC7FB00FB8E23 /* AppDelegate.swift in Sources */,
				ACE7642622916F9C00B66C65 /* MenuViewController.swift in Sources */,
			);
			runOnlyForDeploymentPostprocessing = 0;
		};
		AC3D4409223AC7FB00FB8E23 /* Sources */ = {
			isa = PBXSourcesBuildPhase;
			buildActionMask = 2147483647;
			files = (
				AC3D4412223AC7FB00FB8E23 /* Spez_BrowserTests.swift in Sources */,
			);
			runOnlyForDeploymentPostprocessing = 0;
		};
		AC3D4414223AC7FB00FB8E23 /* Sources */ = {
			isa = PBXSourcesBuildPhase;
			buildActionMask = 2147483647;
			files = (
				AC3D441D223AC7FB00FB8E23 /* Spez_BrowserUITests.swift in Sources */,
			);
			runOnlyForDeploymentPostprocessing = 0;
		};
/* End PBXSourcesBuildPhase section */

/* Begin PBXTargetDependency section */
		AC3D440F223AC7FB00FB8E23 /* PBXTargetDependency */ = {
			isa = PBXTargetDependency;
			target = AC3D43F8223AC7FB00FB8E23 /* Spez Browser */;
			targetProxy = AC3D440E223AC7FB00FB8E23 /* PBXContainerItemProxy */;
		};
		AC3D441A223AC7FB00FB8E23 /* PBXTargetDependency */ = {
			isa = PBXTargetDependency;
			target = AC3D43F8223AC7FB00FB8E23 /* Spez Browser */;
			targetProxy = AC3D4419223AC7FB00FB8E23 /* PBXContainerItemProxy */;
		};
/* End PBXTargetDependency section */

/* Begin PBXVariantGroup section */
		AC3D4400223AC7FB00FB8E23 /* Main.storyboard */ = {
			isa = PBXVariantGroup;
			children = (
				AC3D4401223AC7FB00FB8E23 /* Base */,
				ACE830BD223D549300903C6F /* en */,
				AC8568E822400D2400C33F42 /* tr */,
				AC8568EA22400D4300C33F42 /* de */,
				AC8568EC22400D5300C33F42 /* ru */,
			);
			name = Main.storyboard;
			sourceTree = "<group>";
		};
		AC3D4405223AC7FB00FB8E23 /* LaunchScreen.storyboard */ = {
			isa = PBXVariantGroup;
			children = (
				AC3D4406223AC7FB00FB8E23 /* Base */,
				AC8568E922400D2400C33F42 /* tr */,
				AC8568EB22400D4300C33F42 /* de */,
				AC8568ED22400D5300C33F42 /* ru */,
			);
			name = LaunchScreen.storyboard;
			sourceTree = "<group>";
		};
/* End PBXVariantGroup section */

/* Begin XCBuildConfiguration section */
		AC3D441F223AC7FB00FB8E23 /* Debug */ = {
			isa = XCBuildConfiguration;
			buildSettings = {
				ALWAYS_SEARCH_USER_PATHS = NO;
				CLANG_ANALYZER_LOCALIZABILITY_NONLOCALIZED = YES;
				CLANG_ANALYZER_NONNULL = YES;
				CLANG_CXX_LANGUAGE_STANDARD = "gnu++0x";
				CLANG_CXX_LIBRARY = "libc++";
				CLANG_ENABLE_MODULES = YES;
				CLANG_ENABLE_OBJC_ARC = YES;
				CLANG_WARN_BOOL_CONVERSION = YES;
				CLANG_WARN_CONSTANT_CONVERSION = YES;
				CLANG_WARN_DIRECT_OBJC_ISA_USAGE = YES_ERROR;
				CLANG_WARN_DOCUMENTATION_COMMENTS = YES;
				CLANG_WARN_EMPTY_BODY = YES;
				CLANG_WARN_ENUM_CONVERSION = YES;
				CLANG_WARN_INFINITE_RECURSION = YES;
				CLANG_WARN_INT_CONVERSION = YES;
				CLANG_WARN_OBJC_ROOT_CLASS = YES_ERROR;
				CLANG_WARN_SUSPICIOUS_MOVE = YES;
				CLANG_WARN_UNREACHABLE_CODE = YES;
				CLANG_WARN__DUPLICATE_METHOD_MATCH = YES;
				"CODE_SIGN_IDENTITY[sdk=iphoneos*]" = "iPhone Developer";
				COPY_PHASE_STRIP = NO;
				DEBUG_INFORMATION_FORMAT = dwarf;
				ENABLE_STRICT_OBJC_MSGSEND = YES;
				ENABLE_TESTABILITY = YES;
				GCC_C_LANGUAGE_STANDARD = gnu99;
				GCC_DYNAMIC_NO_PIC = NO;
				GCC_NO_COMMON_BLOCKS = YES;
				GCC_OPTIMIZATION_LEVEL = 0;
				GCC_PREPROCESSOR_DEFINITIONS = (
					"DEBUG=1",
					"$(inherited)",
				);
				GCC_WARN_64_TO_32_BIT_CONVERSION = YES;
				GCC_WARN_ABOUT_RETURN_TYPE = YES_ERROR;
				GCC_WARN_UNDECLARED_SELECTOR = YES;
				GCC_WARN_UNINITIALIZED_AUTOS = YES_AGGRESSIVE;
				GCC_WARN_UNUSED_FUNCTION = YES;
				GCC_WARN_UNUSED_VARIABLE = YES;
				IPHONEOS_DEPLOYMENT_TARGET = 10.0;
				MTL_ENABLE_DEBUG_INFO = YES;
				ONLY_ACTIVE_ARCH = YES;
				SDKROOT = iphoneos;
				SWIFT_ACTIVE_COMPILATION_CONDITIONS = DEBUG;
				SWIFT_OPTIMIZATION_LEVEL = "-Onone";
				TARGETED_DEVICE_FAMILY = "1,2";
			};
			name = Debug;
		};
		AC3D4420223AC7FB00FB8E23 /* Release */ = {
			isa = XCBuildConfiguration;
			buildSettings = {
				ALWAYS_SEARCH_USER_PATHS = NO;
				CLANG_ANALYZER_LOCALIZABILITY_NONLOCALIZED = YES;
				CLANG_ANALYZER_NONNULL = YES;
				CLANG_CXX_LANGUAGE_STANDARD = "gnu++0x";
				CLANG_CXX_LIBRARY = "libc++";
				CLANG_ENABLE_MODULES = YES;
				CLANG_ENABLE_OBJC_ARC = YES;
				CLANG_WARN_BOOL_CONVERSION = YES;
				CLANG_WARN_CONSTANT_CONVERSION = YES;
				CLANG_WARN_DIRECT_OBJC_ISA_USAGE = YES_ERROR;
				CLANG_WARN_DOCUMENTATION_COMMENTS = YES;
				CLANG_WARN_EMPTY_BODY = YES;
				CLANG_WARN_ENUM_CONVERSION = YES;
				CLANG_WARN_INFINITE_RECURSION = YES;
				CLANG_WARN_INT_CONVERSION = YES;
				CLANG_WARN_OBJC_ROOT_CLASS = YES_ERROR;
				CLANG_WARN_SUSPICIOUS_MOVE = YES;
				CLANG_WARN_UNREACHABLE_CODE = YES;
				CLANG_WARN__DUPLICATE_METHOD_MATCH = YES;
				"CODE_SIGN_IDENTITY[sdk=iphoneos*]" = "iPhone Developer";
				COPY_PHASE_STRIP = NO;
				DEBUG_INFORMATION_FORMAT = "dwarf-with-dsym";
				ENABLE_NS_ASSERTIONS = NO;
				ENABLE_STRICT_OBJC_MSGSEND = YES;
				GCC_C_LANGUAGE_STANDARD = gnu99;
				GCC_NO_COMMON_BLOCKS = YES;
				GCC_WARN_64_TO_32_BIT_CONVERSION = YES;
				GCC_WARN_ABOUT_RETURN_TYPE = YES_ERROR;
				GCC_WARN_UNDECLARED_SELECTOR = YES;
				GCC_WARN_UNINITIALIZED_AUTOS = YES_AGGRESSIVE;
				GCC_WARN_UNUSED_FUNCTION = YES;
				GCC_WARN_UNUSED_VARIABLE = YES;
				IPHONEOS_DEPLOYMENT_TARGET = 10.0;
				MTL_ENABLE_DEBUG_INFO = NO;
				SDKROOT = iphoneos;
				SWIFT_OPTIMIZATION_LEVEL = "-Owholemodule";
				TARGETED_DEVICE_FAMILY = "1,2";
				VALIDATE_PRODUCT = YES;
			};
			name = Release;
		};
		AC3D4422223AC7FB00FB8E23 /* Debug */ = {
			isa = XCBuildConfiguration;
			buildSettings = {
				ASSETCATALOG_COMPILER_APPICON_NAME = AppIcon;
				CLANG_ENABLE_MODULES = YES;
				CODE_SIGN_ENTITLEMENTS = "Spez Browser/Spez Browser.entitlements";
				CODE_SIGN_IDENTITY = "iPhone Developer";
				"CODE_SIGN_IDENTITY[sdk=iphoneos*]" = "iPhone Developer";
				DEVELOPMENT_TEAM = N6CT7H22F7;
				INFOPLIST_FILE = "Spez Browser/Info.plist";
				IPHONEOS_DEPLOYMENT_TARGET = 10.0;
				LD_RUNPATH_SEARCH_PATHS = "$(inherited) @executable_path/Frameworks";
				PRODUCT_BUNDLE_IDENTIFIER = "com.spezcomputer.weebly.Spez-Browser";
				PRODUCT_NAME = "$(TARGET_NAME)";
				SWIFT_OPTIMIZATION_LEVEL = "-Onone";
				SWIFT_VERSION = 3.0;
			};
			name = Debug;
		};
		AC3D4423223AC7FB00FB8E23 /* Release */ = {
			isa = XCBuildConfiguration;
			buildSettings = {
				ASSETCATALOG_COMPILER_APPICON_NAME = AppIcon;
				CLANG_ENABLE_MODULES = YES;
				CODE_SIGN_ENTITLEMENTS = "Spez Browser/Spez Browser.entitlements";
				CODE_SIGN_IDENTITY = "iPhone Developer";
				"CODE_SIGN_IDENTITY[sdk=iphoneos*]" = "iPhone Developer";
				DEVELOPMENT_TEAM = N6CT7H22F7;
				INFOPLIST_FILE = "Spez Browser/Info.plist";
				IPHONEOS_DEPLOYMENT_TARGET = 10.0;
				LD_RUNPATH_SEARCH_PATHS = "$(inherited) @executable_path/Frameworks";
				PRODUCT_BUNDLE_IDENTIFIER = "com.spezcomputer.weebly.Spez-Browser";
				PRODUCT_NAME = "$(TARGET_NAME)";
				SWIFT_VERSION = 3.0;
			};
			name = Release;
		};
		AC3D4425223AC7FB00FB8E23 /* Debug */ = {
			isa = XCBuildConfiguration;
			buildSettings = {
				ALWAYS_EMBED_SWIFT_STANDARD_LIBRARIES = YES;
				BUNDLE_LOADER = "$(TEST_HOST)";
				INFOPLIST_FILE = "Spez BrowserTests/Info.plist";
				LD_RUNPATH_SEARCH_PATHS = "$(inherited) @executable_path/Frameworks @loader_path/Frameworks";
				PRODUCT_BUNDLE_IDENTIFIER = "com.spezcomputer.weebly.Spez-BrowserTests";
				PRODUCT_NAME = "$(TARGET_NAME)";
				SWIFT_VERSION = 3.0;
				TEST_HOST = "$(BUILT_PRODUCTS_DIR)/Spez Browser.app/Spez Browser";
			};
			name = Debug;
		};
		AC3D4426223AC7FB00FB8E23 /* Release */ = {
			isa = XCBuildConfiguration;
			buildSettings = {
				ALWAYS_EMBED_SWIFT_STANDARD_LIBRARIES = YES;
				BUNDLE_LOADER = "$(TEST_HOST)";
				INFOPLIST_FILE = "Spez BrowserTests/Info.plist";
				LD_RUNPATH_SEARCH_PATHS = "$(inherited) @executable_path/Frameworks @loader_path/Frameworks";
				PRODUCT_BUNDLE_IDENTIFIER = "com.spezcomputer.weebly.Spez-BrowserTests";
				PRODUCT_NAME = "$(TARGET_NAME)";
				SWIFT_VERSION = 3.0;
				TEST_HOST = "$(BUILT_PRODUCTS_DIR)/Spez Browser.app/Spez Browser";
			};
			name = Release;
		};
		AC3D4428223AC7FB00FB8E23 /* Debug */ = {
			isa = XCBuildConfiguration;
			buildSettings = {
				ALWAYS_EMBED_SWIFT_STANDARD_LIBRARIES = YES;
				INFOPLIST_FILE = "Spez BrowserUITests/Info.plist";
				LD_RUNPATH_SEARCH_PATHS = "$(inherited) @executable_path/Frameworks @loader_path/Frameworks";
				PRODUCT_BUNDLE_IDENTIFIER = "com.spezcomputer.weebly.Spez-BrowserUITests";
				PRODUCT_NAME = "$(TARGET_NAME)";
				SWIFT_VERSION = 3.0;
				TEST_TARGET_NAME = "Spez Browser";
			};
			name = Debug;
		};
		AC3D4429223AC7FB00FB8E23 /* Release */ = {
			isa = XCBuildConfiguration;
			buildSettings = {
				ALWAYS_EMBED_SWIFT_STANDARD_LIBRARIES = YES;
				INFOPLIST_FILE = "Spez BrowserUITests/Info.plist";
				LD_RUNPATH_SEARCH_PATHS = "$(inherited) @executable_path/Frameworks @loader_path/Frameworks";
				PRODUCT_BUNDLE_IDENTIFIER = "com.spezcomputer.weebly.Spez-BrowserUITests";
				PRODUCT_NAME = "$(TARGET_NAME)";
				SWIFT_VERSION = 3.0;
				TEST_TARGET_NAME = "Spez Browser";
			};
			name = Release;
		};
/* End XCBuildConfiguration section */

/* Begin XCConfigurationList section */
		AC3D43F4223AC7FA00FB8E23 /* Build configuration list for PBXProject "Spez Browser" */ = {
			isa = XCConfigurationList;
			buildConfigurations = (
				AC3D441F223AC7FB00FB8E23 /* Debug */,
				AC3D4420223AC7FB00FB8E23 /* Release */,
			);
			defaultConfigurationIsVisible = 0;
			defaultConfigurationName = Release;
		};
		AC3D4421223AC7FB00FB8E23 /* Build configuration list for PBXNativeTarget "Spez Browser" */ = {
			isa = XCConfigurationList;
			buildConfigurations = (
				AC3D4422223AC7FB00FB8E23 /* Debug */,
				AC3D4423223AC7FB00FB8E23 /* Release */,
			);
			defaultConfigurationIsVisible = 0;
			defaultConfigurationName = Release;
		};
		AC3D4424223AC7FB00FB8E23 /* Build configuration list for PBXNativeTarget "Spez BrowserTests" */ = {
			isa = XCConfigurationList;
			buildConfigurations = (
				AC3D4425223AC7FB00FB8E23 /* Debug */,
				AC3D4426223AC7FB00FB8E23 /* Release */,
			);
			defaultConfigurationIsVisible = 0;
			defaultConfigurationName = Release;
		};
		AC3D4427223AC7FB00FB8E23 /* Build configuration list for PBXNativeTarget "Spez BrowserUITests" */ = {
			isa = XCConfigurationList;
			buildConfigurations = (
				AC3D4428223AC7FB00FB8E23 /* Debug */,
				AC3D4429223AC7FB00FB8E23 /* Release */,
			);
			defaultConfigurationIsVisible = 0;
			defaultConfigurationName = Release;
		};
/* End XCConfigurationList section */
	};
	rootObject = AC3D43F1223AC7FA00FB8E23 /* Project object */;
}
